
Microsoft Visual Studio Solution File, Format Version 12.00
# Visual Studio 15
VisualStudioVersion = 15.0.27703.2000
MinimumVisualStudioVersion = 10.0.40219.1
Project("{FAE04EC0-301F-11D3-BF4B-00C04F79EFBC}") = "Samples.OOP", "Samples.OOP\Samples.OOP.csproj", "{31EBFE8D-92C2-4E6F-82FA-787643B70A4F}"
EndProject
Project("{FAE04EC0-301F-11D3-BF4B-00C04F79EFBC}") = "Samples.Test", "Samples.Test\Samples.Test.csproj", "{32D86F43-0BE8-44D2-9FE5-5B2101102A89}"
EndProject
Project("{FAE04EC0-301F-11D3-BF4B-00C04F79EFBC}") = "Samples.Generics", "Samples.Generic\Samples.Generics.csproj", "{18472400-AA71-4D3F-8BFF-0E8D76AA351B}"
EndProject
Project("{FAE04EC0-301F-11D3-BF4B-00C04F79EFBC}") = "Samples.Delegates", "Samples.Delegates\Samples.Delegates.csproj", "{96C5BBA6-7776-4686-8668-C8CB7A372D84}"
EndProject
Global
	GlobalSection(SolutionConfigurationPlatforms) = preSolution
		Debug|Any CPU = Debug|Any CPU
		Release|Any CPU = Release|Any CPU
	EndGlobalSection
	GlobalSection(ProjectConfigurationPlatforms) = postSolution
		{31EBFE8D-92C2-4E6F-82FA-787643B70A4F}.Debug|Any CPU.ActiveCfg = Debug|Any CPU
		{31EBFE8D-92C2-4E6F-82FA-787643B70A4F}.Debug|Any CPU.Build.0 = Debug|Any CPU
		{31EBFE8D-92C2-4E6F-82FA-787643B70A4F}.Release|Any CPU.ActiveCfg = Release|Any CPU
		{31EBFE8D-92C2-4E6F-82FA-787643B70A4F}.Release|Any CPU.Build.0 = Release|Any CPU
		{32D86F43-0BE8-44D2-9FE5-5B2101102A89}.Debug|Any CPU.ActiveCfg = Debug|Any CPU
		{32D86F43-0BE8-44D2-9FE5-5B2101102A89}.Debug|Any CPU.Build.0 = Debug|Any CPU
		{32D86F43-0BE8-44D2-9FE5-5B2101102A89}.Release|Any CPU.ActiveCfg = Release|Any CPU
		{32D86F43-0BE8-44D2-9FE5-5B2101102A89}.Release|Any CPU.Build.0 = Release|Any CPU
		{18472400-AA71-4D3F-8BFF-0E8D76AA351B}.Debug|Any CPU.ActiveCfg = Debug|Any CPU
		{18472400-AA71-4D3F-8BFF-0E8D76AA351B}.Debug|Any CPU.Build.0 = Debug|Any CPU
		{18472400-AA71-4D3F-8BFF-0E8D76AA351B}.Release|Any CPU.ActiveCfg = Release|Any CPU
		{18472400-AA71-4D3F-8BFF-0E8D76AA351B}.Release|Any CPU.Build.0 = Release|Any CPU
		{96C5BBA6-7776-4686-8668-C8CB7A372D84}.Debug|Any CPU.ActiveCfg = Debug|Any CPU
		{96C5BBA6-7776-4686-8668-C8CB7A372D84}.Debug|Any CPU.Build.0 = Debug|Any CPU
		{96C5BBA6-7776-4686-8668-C8CB7A372D84}.Release|Any CPU.ActiveCfg = Release|Any CPU
		{96C5BBA6-7776-4686-8668-C8CB7A372D84}.Release|Any CPU.Build.0 = Release|Any CPU
	EndGlobalSection
	GlobalSection(SolutionProperties) = preSolution
		HideSolutionNode = FALSE
	EndGlobalSection
	GlobalSection(ExtensibilityGlobals) = postSolution
		SolutionGuid = {44B85CC1-5136-4E86-8BF8-04DD835073EB}
	EndGlobalSection
EndGlobal
